{
    "_readme": [
        "This file locks the dependencies of your project to a known state",
        "Read more about it at https://getcomposer.org/doc/01-basic-usage.md#installing-dependencies",
        "This file is @generated automatically"
    ],
    "content-hash": "f742b9c140414c1acab85272019eb7d2",
    "packages": [
        {
            "name": "learnosity/learnosity-sdk-php",
            "version": "v0.9.0",
            "source": {
                "type": "git",
                "url": "https://github.com/Learnosity/learnosity-sdk-php.git",
                "reference": "1e7f1ceb6559d01c7c0e650df1e09b14431466d4"
            },
            "dist": {
                "type": "zip",
                "url": "https://api.github.com/repos/Learnosity/learnosity-sdk-php/zipball/1e7f1ceb6559d01c7c0e650df1e09b14431466d4",
                "reference": "1e7f1ceb6559d01c7c0e650df1e09b14431466d4",
                "shasum": ""
            },
            "require": {
                "paragonie/random_compat": "^2.0",
                "php": ">=5.6 || ^7"
            },
            "require-dev": {
                "phpunit/phpunit": "^5.7"
            },
            "type": "library",
            "autoload": {
                "psr-0": {
                    "LearnositySdk\\": [
                        "src/",
                        "src/tests/"
                    ]
                }
            },
            "notification-url": "https://packagist.org/downloads/",
            "license": [
                "Apache-2.0"
            ],
            "description": "Include this package into your own codebase to ease integration with any of the Learnosity APIs",
            "homepage": "https://github.com/Learnosity/learnosity-sdk-php",
            "keywords": [
                "PHP7",
                "learnosity",
                "php5",
                "sdk"
            ],
            "time": "2018-04-16T07:16:18+00:00"
        },
        {
            "name": "paragonie/random_compat",
            "version": "v2.0.12",
            "source": {
                "type": "git",
                "url": "https://github.com/paragonie/random_compat.git",
                "reference": "258c89a6b97de7dfaf5b8c7607d0478e236b04fb"
            },
            "dist": {
                "type": "zip",
                "url": "https://api.github.com/repos/paragonie/random_compat/zipball/258c89a6b97de7dfaf5b8c7607d0478e236b04fb",
                "reference": "258c89a6b97de7dfaf5b8c7607d0478e236b04fb",
                "shasum": ""
            },
            "require": {
                "php": ">=5.2.0"
            },
            "require-dev": {
                "phpunit/phpunit": "4.*|5.*"
            },
            "suggest": {
                "ext-libsodium": "Provides a modern crypto API that can be used to generate random bytes."
            },
            "type": "library",
            "autoload": {
                "files": [
                    "lib/random.php"
                ]
            },
            "notification-url": "https://packagist.org/downloads/",
            "license": [
                "MIT"
            ],
            "authors": [
                {
                    "name": "Paragon Initiative Enterprises",
                    "email": "security@paragonie.com",
                    "homepage": "https://paragonie.com"
                }
            ],
            "description": "PHP 5.x polyfill for random_bytes() and random_int() from PHP 7",
            "keywords": [
                "csprng",
                "pseudorandom",
                "random"
            ],
            "time": "2018-04-04T21:24:14+00:00"
        }
    ],
    "packages-dev": [],
    "aliases": [],
    "minimum-stability": "stable",
    "stability-flags": [],
    "prefer-stable": false,
    "prefer-lowest": false,
    "platform": [],
    "platform-dev": []
}
